
Microsoft Visual Studio Solution File, Format Version 12.00
# Visual Studio Version 17
VisualStudioVersion = 17.9.34701.34
MinimumVisualStudioVersion = 10.0.40219.1
Project("{FAE04EC0-301F-11D3-BF4B-00C04F79EFBC}") = "240401realCalculate", "240401realCalculate.csproj", "{026BF6FA-44EC-4B20-B3BA-A3926B7E5A0E}"
EndProject
Global
	GlobalSection(SolutionConfigurationPlatforms) = preSolution
		Debug|Any CPU = Debug|Any CPU
		Release|Any CPU = Release|Any CPU
	EndGlobalSection
	GlobalSection(ProjectConfigurationPlatforms) = postSolution
		{026BF6FA-44EC-4B20-B3BA-A3926B7E5A0E}.Debug|Any CPU.ActiveCfg = Debug|Any CPU
		{026BF6FA-44EC-4B20-B3BA-A3926B7E5A0E}.Debug|Any CPU.Build.0 = Debug|Any CPU
		{026BF6FA-44EC-4B20-B3BA-A3926B7E5A0E}.Release|Any CPU.ActiveCfg = Release|Any CPU
		{026BF6FA-44EC-4B20-B3BA-A3926B7E5A0E}.Release|Any CPU.Build.0 = Release|Any CPU
	EndGlobalSection
	GlobalSection(SolutionProperties) = preSolution
		HideSolutionNode = FALSE
	EndGlobalSection
	GlobalSection(ExtensibilityGlobals) = postSolution
		SolutionGuid = {DBAB66EA-AFB3-4610-9DDA-17193D18BF68}
	EndGlobalSection
EndGlobal
